PODS:
  - Action (3.4.0):
    - RxCocoa (~> 4.0)
    - RxSwift (~> 4.0)
  - Alamofire (4.5.1)
  - Differentiator (3.0.2)
  - Kingfisher (4.2.0)
  - RxAlamofire (4.0.0):
    - RxAlamofire/Core (= 4.0.0)
  - RxAlamofire/Core (4.0.0):
    - Alamofire (~> 4.5)
    - RxSwift (~> 4.0)
  - RxBlocking (4.0.0):
    - RxSwift (~> 4.0)
  - RxCocoa (4.0.0):
    - RxSwift (~> 4.0)
  - RxDataSources (3.0.2):
    - Differentiator (~> 3.0)
    - RxCocoa (~> 4.0)
    - RxSwift (~> 4.0)
  - RxSwift (4.0.0)

DEPENDENCIES:
  - Action (~> 3.4.0)
  - Alamofire (~> 4.5.1)
  - Kingfisher (~> 4.0)
  - RxAlamofire (~> 4.0.0)
  - RxBlocking
  - RxCocoa (~> 4.0)
  - RxDataSources (~> 3.0.2)
  - RxSwift (~> 4.0)

SPEC CHECKSUMS:
  Action: a9b4a15708233c73a0beee92bb677262ccbd8a96
  Alamofire: 2d95912bf4c34f164fdfc335872e8c312acaea4a
  Differentiator: a87be69eba49ec4ab460c7671143ee3a9eececfd
  Kingfisher: 9ee7e788d8ba07c3f21ce0d43f33cec310a4f781
  RxAlamofire: 6ea579ac53bf14cb4bc7049a3866e5a769989b1d
  RxBlocking: 923c2c8106d80d7c2d6b276afd66ce3b10824836
  RxCocoa: d62846ca96495d862fa4c59ea7d87e5031d7340e
  RxDataSources: cb7c31e652a87ebb919da45f716bbb87b3765f6b
  RxSwift: fd680d75283beb5e2559486f3c0ff852f0d35334

PODFILE CHECKSUM: 36c8efb8fc31a148831a1674db39372496360b02

COCOAPODS: 1.3.1
