// !$*UTF8*$!
{
	archiveVersion = 1;
	classes = {
	};
	objectVersion = 48;
	objects = {

/* Begin PBXBuildFile section */
		0BC8E832CD6C6C13DA6900E8 /* Pods_desafio_concreteTests.framework in Frameworks */ = {isa = PBXBuildFile; fileRef = 4E17CA76746DF846F7BDF8FD /* Pods_desafio_concreteTests.framework */; };
		4C2813E420010A5F00906625 /* APIParams.swift in Sources */ = {isa = PBXBuildFile; fileRef = 4C2813E320010A5F00906625 /* APIParams.swift */; };
		4C2813E920011C2400906625 /* Date+HumanReadable.swift in Sources */ = {isa = PBXBuildFile; fileRef = 4C2813E820011C2400906625 /* Date+HumanReadable.swift */; };
		4C2813EC20011D9300906625 /* PullRequestHeaderView.swift in Sources */ = {isa = PBXBuildFile; fileRef = 4C2813EB20011D9300906625 /* PullRequestHeaderView.swift */; };
		4C2813EE20011DAD00906625 /* PullRequestHeaderView.xib in Resources */ = {isa = PBXBuildFile; fileRef = 4C2813ED20011DAD00906625 /* PullRequestHeaderView.xib */; };
		4C2813F22001373200906625 /* UserSpec.swift in Sources */ = {isa = PBXBuildFile; fileRef = 4C2813F12001373200906625 /* UserSpec.swift */; };
		4C2813F52001390F00906625 /* User.json in Resources */ = {isa = PBXBuildFile; fileRef = 4C2813F42001390F00906625 /* User.json */; };
		4C2813F720013BBF00906625 /* User_invalid.json in Resources */ = {isa = PBXBuildFile; fileRef = 4C2813F620013BBF00906625 /* User_invalid.json */; };
		4C2813F920013CF500906625 /* RepositorySpec.swift in Sources */ = {isa = PBXBuildFile; fileRef = 4C2813F820013CF500906625 /* RepositorySpec.swift */; };
		4C2813FB20013D5100906625 /* Repository.json in Resources */ = {isa = PBXBuildFile; fileRef = 4C2813FA20013D5100906625 /* Repository.json */; };
		4C2813FD20013D9100906625 /* Repository_invalid.json in Resources */ = {isa = PBXBuildFile; fileRef = 4C2813FC20013D9100906625 /* Repository_invalid.json */; };
		4C28140120013E2600906625 /* Repository_nullDescription.json in Resources */ = {isa = PBXBuildFile; fileRef = 4C28140020013E2600906625 /* Repository_nullDescription.json */; };
		4C28140520013EB700906625 /* Repository_invalidPullsURL.json in Resources */ = {isa = PBXBuildFile; fileRef = 4C28140420013EB700906625 /* Repository_invalidPullsURL.json */; };
		4C2814072001407600906625 /* PullRequestSpec.swift in Sources */ = {isa = PBXBuildFile; fileRef = 4C2814062001407600906625 /* PullRequestSpec.swift */; };
		4C281409200140D600906625 /* PullRequest.json in Resources */ = {isa = PBXBuildFile; fileRef = 4C281408200140D600906625 /* PullRequest.json */; };
		4C28140B2001416000906625 /* PullRequest_invalid.json in Resources */ = {isa = PBXBuildFile; fileRef = 4C28140A2001416000906625 /* PullRequest_invalid.json */; };
		4C28140D2001420800906625 /* JSONDecoder+Models.swift in Sources */ = {isa = PBXBuildFile; fileRef = 4C28140C2001420800906625 /* JSONDecoder+Models.swift */; };
		4C28140F2001430500906625 /* PullRequest_nullBody.json in Resources */ = {isa = PBXBuildFile; fileRef = 4C28140E2001430500906625 /* PullRequest_nullBody.json */; };
		4C281411200146B700906625 /* AutoheightableView.swift in Sources */ = {isa = PBXBuildFile; fileRef = 4C281410200146B700906625 /* AutoheightableView.swift */; };
		4C28141B2001521000906625 /* RepositoryListPage.json in Resources */ = {isa = PBXBuildFile; fileRef = 4C28141A2001521000906625 /* RepositoryListPage.json */; };
		4C28141F200152C800906625 /* RepositoryListPage_invalid.json in Resources */ = {isa = PBXBuildFile; fileRef = 4C28141E200152C800906625 /* RepositoryListPage_invalid.json */; };
		4C2814212001531700906625 /* PullRequestListPage.json in Resources */ = {isa = PBXBuildFile; fileRef = 4C2814202001531700906625 /* PullRequestListPage.json */; };
		4C281423200153A900906625 /* PullRequestListPage_invalid.json in Resources */ = {isa = PBXBuildFile; fileRef = 4C281422200153A900906625 /* PullRequestListPage_invalid.json */; };
		4C281426200156B000906625 /* SceneCoordinatorType.swift in Sources */ = {isa = PBXBuildFile; fileRef = 4C281425200156B000906625 /* SceneCoordinatorType.swift */; };
		4C281428200157DA00906625 /* RepositoryListContainerSpec.swift in Sources */ = {isa = PBXBuildFile; fileRef = 4C281427200157DA00906625 /* RepositoryListContainerSpec.swift */; };
		4C28142A20015A3400906625 /* RepositoryServiceSpec.swift in Sources */ = {isa = PBXBuildFile; fileRef = 4C28142920015A3400906625 /* RepositoryServiceSpec.swift */; };
		4C28142C200167F600906625 /* RepositoryListPage_empty.json in Resources */ = {isa = PBXBuildFile; fileRef = 4C28142B200167F600906625 /* RepositoryListPage_empty.json */; };
		4C28142E2001766F00906625 /* RepositoryListRateLimitError.json in Resources */ = {isa = PBXBuildFile; fileRef = 4C28142D2001766F00906625 /* RepositoryListRateLimitError.json */; };
		4C2814302001777A00906625 /* APIKeys.swift in Sources */ = {isa = PBXBuildFile; fileRef = 4C28142F2001777A00906625 /* APIKeys.swift */; };
		4C281432200188B700906625 /* PullRequestServiceSpec.swift in Sources */ = {isa = PBXBuildFile; fileRef = 4C281431200188B700906625 /* PullRequestServiceSpec.swift */; };
		4C28143420018C5100906625 /* PullRequestListPage_empty.json in Resources */ = {isa = PBXBuildFile; fileRef = 4C28143320018C5100906625 /* PullRequestListPage_empty.json */; };
		4C281436200190AA00906625 /* RepositoryCellFactory.swift in Sources */ = {isa = PBXBuildFile; fileRef = 4C281435200190AA00906625 /* RepositoryCellFactory.swift */; };
		4C66339F200007E10045A1A2 /* RepositoryServiceType.swift in Sources */ = {isa = PBXBuildFile; fileRef = 4C66339E200007E10045A1A2 /* RepositoryServiceType.swift */; };
		4C6633A12000083B0045A1A2 /* PullRequestServiceType.swift in Sources */ = {isa = PBXBuildFile; fileRef = 4C6633A02000083B0045A1A2 /* PullRequestServiceType.swift */; };
		4C6633A4200008E00045A1A2 /* RepositoryService.swift in Sources */ = {isa = PBXBuildFile; fileRef = 4C6633A3200008E00045A1A2 /* RepositoryService.swift */; };
		4C6633A620000B190045A1A2 /* RepositoryListContainer.swift in Sources */ = {isa = PBXBuildFile; fileRef = 4C6633A520000B190045A1A2 /* RepositoryListContainer.swift */; };
		4C6633A8200011480045A1A2 /* Repository+Identifiable.swift in Sources */ = {isa = PBXBuildFile; fileRef = 4C6633A7200011480045A1A2 /* Repository+Identifiable.swift */; };
		4C6633AA2000118D0045A1A2 /* PullRequest+Identifiable.swift in Sources */ = {isa = PBXBuildFile; fileRef = 4C6633A92000118D0045A1A2 /* PullRequest+Identifiable.swift */; };
		4C6633AC20001A2E0045A1A2 /* PullRequestHeaderModel.swift in Sources */ = {isa = PBXBuildFile; fileRef = 4C6633AB20001A2E0045A1A2 /* PullRequestHeaderModel.swift */; };
		4C6633AE20001C880045A1A2 /* APIPaths.swift in Sources */ = {isa = PBXBuildFile; fileRef = 4C6633AD20001C880045A1A2 /* APIPaths.swift */; };
		4C6633B120001D520045A1A2 /* Scene.swift in Sources */ = {isa = PBXBuildFile; fileRef = 4C6633B020001D520045A1A2 /* Scene.swift */; };
		4C6633B720001E800045A1A2 /* StoryboardIdentifier.swift in Sources */ = {isa = PBXBuildFile; fileRef = 4C6633B620001E800045A1A2 /* StoryboardIdentifier.swift */; };
		4C6633B920001EF80045A1A2 /* Scene+ViewController.swift in Sources */ = {isa = PBXBuildFile; fileRef = 4C6633B820001EF80045A1A2 /* Scene+ViewController.swift */; };
		4C6633BD200020AE0045A1A2 /* SceneCoordinator.swift in Sources */ = {isa = PBXBuildFile; fileRef = 4C6633BC200020AE0045A1A2 /* SceneCoordinator.swift */; };
		4C6633BF200021750045A1A2 /* SceneTransition.swift in Sources */ = {isa = PBXBuildFile; fileRef = 4C6633BE200021750045A1A2 /* SceneTransition.swift */; };
		4C6633C220004BEC0045A1A2 /* PullRequestService.swift in Sources */ = {isa = PBXBuildFile; fileRef = 4C6633C120004BEC0045A1A2 /* PullRequestService.swift */; };
		4C6633C4200053570045A1A2 /* PageReloadableViewController.swift in Sources */ = {isa = PBXBuildFile; fileRef = 4C6633C3200053570045A1A2 /* PageReloadableViewController.swift */; };
		4C71B02C20006D5200F583CB /* PullRequestViewController.swift in Sources */ = {isa = PBXBuildFile; fileRef = 4C71B02B20006D5200F583CB /* PullRequestViewController.swift */; };
		4C71B02E2000710F00F583CB /* WKWebView+Rx.swift in Sources */ = {isa = PBXBuildFile; fileRef = 4C71B02D2000710F00F583CB /* WKWebView+Rx.swift */; };
		4C98FDE41FFFD17A009B9ACF /* PullRequestTableViewCell.swift in Sources */ = {isa = PBXBuildFile; fileRef = 4C98FDE21FFFD17A009B9ACF /* PullRequestTableViewCell.swift */; };
		4C98FDE51FFFD17A009B9ACF /* PullRequestTableViewCell.xib in Resources */ = {isa = PBXBuildFile; fileRef = 4C98FDE31FFFD17A009B9ACF /* PullRequestTableViewCell.xib */; };
		4C98FDEE1FFFD6E3009B9ACF /* PullRequestListViewController.swift in Sources */ = {isa = PBXBuildFile; fileRef = 4C98FDED1FFFD6E3009B9ACF /* PullRequestListViewController.swift */; };
		4C98FDF01FFFD85E009B9ACF /* PullRequestListViewModel.swift in Sources */ = {isa = PBXBuildFile; fileRef = 4C98FDEF1FFFD85E009B9ACF /* PullRequestListViewModel.swift */; };
		4C98FDF41FFFD8DF009B9ACF /* PullRequest.swift in Sources */ = {isa = PBXBuildFile; fileRef = 4C98FDF31FFFD8DF009B9ACF /* PullRequest.swift */; };
		4C98FE041FFFFA00009B9ACF /* Segue.swift in Sources */ = {isa = PBXBuildFile; fileRef = 4C98FE031FFFFA00009B9ACF /* Segue.swift */; };
		4CCE6A1C2001921000ABA7F4 /* PullRequestCellFactory.swift in Sources */ = {isa = PBXBuildFile; fileRef = 4CCE6A1B2001921000ABA7F4 /* PullRequestCellFactory.swift */; };
		4CCE6A1F2001982700ABA7F4 /* RepositoryListViewModelSpec.swift in Sources */ = {isa = PBXBuildFile; fileRef = 4CCE6A1E2001982700ABA7F4 /* RepositoryListViewModelSpec.swift */; };
		4CCE6A2220019A0F00ABA7F4 /* FakeRepositoryService.swift in Sources */ = {isa = PBXBuildFile; fileRef = 4CCE6A2120019A0F00ABA7F4 /* FakeRepositoryService.swift */; };
		4CCE6A2420019D1300ABA7F4 /* FakeSceneCoordinator.swift in Sources */ = {isa = PBXBuildFile; fileRef = 4CCE6A2320019D1300ABA7F4 /* FakeSceneCoordinator.swift */; };
		4CCE6A262001B02F00ABA7F4 /* PullRequestListViewModelSpec.swift in Sources */ = {isa = PBXBuildFile; fileRef = 4CCE6A252001B02F00ABA7F4 /* PullRequestListViewModelSpec.swift */; };
		4CCE6A282001B0A300ABA7F4 /* FakePullRequestService.swift in Sources */ = {isa = PBXBuildFile; fileRef = 4CCE6A272001B0A300ABA7F4 /* FakePullRequestService.swift */; };
		4CFA869E1FFEBC2200F39F99 /* AppDelegate.swift in Sources */ = {isa = PBXBuildFile; fileRef = 4CFA869D1FFEBC2200F39F99 /* AppDelegate.swift */; };
		4CFA86A51FFEBC2200F39F99 /* Assets.xcassets in Resources */ = {isa = PBXBuildFile; fileRef = 4CFA86A41FFEBC2200F39F99 /* Assets.xcassets */; };
		4CFA86A81FFEBC2200F39F99 /* LaunchScreen.storyboard in Resources */ = {isa = PBXBuildFile; fileRef = 4CFA86A61FFEBC2200F39F99 /* LaunchScreen.storyboard */; };
		4CFA86C21FFEC20800F39F99 /* RepositoryListViewController.swift in Sources */ = {isa = PBXBuildFile; fileRef = 4CFA86C11FFEC20800F39F99 /* RepositoryListViewController.swift */; };
		4CFA86C51FFEC23B00F39F99 /* Main.storyboard in Resources */ = {isa = PBXBuildFile; fileRef = 4CFA86C41FFEC23B00F39F99 /* Main.storyboard */; };
		4CFA86CA1FFEC3A100F39F99 /* RepositoryTableViewCell.swift in Sources */ = {isa = PBXBuildFile; fileRef = 4CFA86C81FFEC3A100F39F99 /* RepositoryTableViewCell.swift */; };
		4CFA86CB1FFEC3A100F39F99 /* RepositoryTableViewCell.xib in Resources */ = {isa = PBXBuildFile; fileRef = 4CFA86C91FFEC3A100F39F99 /* RepositoryTableViewCell.xib */; };
		4CFA86D11FFECC0F00F39F99 /* UIColor+Colors.swift in Sources */ = {isa = PBXBuildFile; fileRef = 4CFA86D01FFECC0F00F39F99 /* UIColor+Colors.swift */; };
		4CFA86D31FFECEED00F39F99 /* UITableViewCell+Defaults.swift in Sources */ = {isa = PBXBuildFile; fileRef = 4CFA86D21FFECEED00F39F99 /* UITableViewCell+Defaults.swift */; };
		4CFA86D51FFED09F00F39F99 /* UITableView+NibUtils.swift in Sources */ = {isa = PBXBuildFile; fileRef = 4CFA86D41FFED09F00F39F99 /* UITableView+NibUtils.swift */; };
		4CFA86D71FFED6D400F39F99 /* RepositoryListViewModel.swift in Sources */ = {isa = PBXBuildFile; fileRef = 4CFA86D61FFED6D400F39F99 /* RepositoryListViewModel.swift */; };
		4CFA86DA1FFED83B00F39F99 /* Repository.swift in Sources */ = {isa = PBXBuildFile; fileRef = 4CFA86D91FFED83B00F39F99 /* Repository.swift */; };
		4CFA86DC1FFED89100F39F99 /* User.swift in Sources */ = {isa = PBXBuildFile; fileRef = 4CFA86DB1FFED89100F39F99 /* User.swift */; };
		4CFA86E51FFEFD9A00F39F99 /* ReusableView.swift in Sources */ = {isa = PBXBuildFile; fileRef = 4CFA86E41FFEFD9A00F39F99 /* ReusableView.swift */; };
		4CFA86E71FFEFDC300F39F99 /* NibLoadableView.swift in Sources */ = {isa = PBXBuildFile; fileRef = 4CFA86E61FFEFDC300F39F99 /* NibLoadableView.swift */; };
		4CFA86EB1FFF005700F39F99 /* UIView+CornerRadius.swift in Sources */ = {isa = PBXBuildFile; fileRef = 4CFA86EA1FFF005700F39F99 /* UIView+CornerRadius.swift */; };
		4CFA86ED1FFF02CB00F39F99 /* NSObject+ClassName.swift in Sources */ = {isa = PBXBuildFile; fileRef = 4CFA86EC1FFF02CB00F39F99 /* NSObject+ClassName.swift */; };
		F1B06D9F8CECA74E20BF3D30 /* Pods_desafio_concrete.framework in Frameworks */ = {isa = PBXBuildFile; fileRef = 4DB8790C919FF215925AE842 /* Pods_desafio_concrete.framework */; };
/* End PBXBuildFile section */

/* Begin PBXContainerItemProxy section */
		4CFA86AF1FFEBC2200F39F99 /* PBXContainerItemProxy */ = {
			isa = PBXContainerItemProxy;
			containerPortal = 4CFA86921FFEBC2200F39F99 /* Project object */;
			proxyType = 1;
			remoteGlobalIDString = 4CFA86991FFEBC2200F39F99;
			remoteInfo = "desafio-concrete";
		};
/* End PBXContainerItemProxy section */

/* Begin PBXFileReference section */
		4C2813E320010A5F00906625 /* APIParams.swift */ = {isa = PBXFileReference; lastKnownFileType = sourcecode.swift; path = APIParams.swift; sourceTree = "<group>"; };
		4C2813E820011C2400906625 /* Date+HumanReadable.swift */ = {isa = PBXFileReference; lastKnownFileType = sourcecode.swift; path = "Date+HumanReadable.swift"; sourceTree = "<group>"; };
		4C2813EB20011D9300906625 /* PullRequestHeaderView.swift */ = {isa = PBXFileReference; lastKnownFileType = sourcecode.swift; path = PullRequestHeaderView.swift; sourceTree = "<group>"; };
		4C2813ED20011DAD00906625 /* PullRequestHeaderView.xib */ = {isa = PBXFileReference; lastKnownFileType = file.xib; path = PullRequestHeaderView.xib; sourceTree = "<group>"; };
		4C2813F12001373200906625 /* UserSpec.swift */ = {isa = PBXFileReference; lastKnownFileType = sourcecode.swift; path = UserSpec.swift; sourceTree = "<group>"; };
		4C2813F42001390F00906625 /* User.json */ = {isa = PBXFileReference; lastKnownFileType = text.json; path = User.json; sourceTree = "<group>"; };
		4C2813F620013BBF00906625 /* User_invalid.json */ = {isa = PBXFileReference; lastKnownFileType = text.json; path = User_invalid.json; sourceTree = "<group>"; };
		4C2813F820013CF500906625 /* RepositorySpec.swift */ = {isa = PBXFileReference; lastKnownFileType = sourcecode.swift; path = RepositorySpec.swift; sourceTree = "<group>"; };
		4C2813FA20013D5100906625 /* Repository.json */ = {isa = PBXFileReference; lastKnownFileType = text.json; path = Repository.json; sourceTree = "<group>"; };
		4C2813FC20013D9100906625 /* Repository_invalid.json */ = {isa = PBXFileReference; lastKnownFileType = text.json; path = Repository_invalid.json; sourceTree = "<group>"; };
		4C28140020013E2600906625 /* Repository_nullDescription.json */ = {isa = PBXFileReference; lastKnownFileType = text.json; path = Repository_nullDescription.json; sourceTree = "<group>"; };
		4C28140420013EB700906625 /* Repository_invalidPullsURL.json */ = {isa = PBXFileReference; lastKnownFileType = text.json; path = Repository_invalidPullsURL.json; sourceTree = "<group>"; };
		4C2814062001407600906625 /* PullRequestSpec.swift */ = {isa = PBXFileReference; lastKnownFileType = sourcecode.swift; path = PullRequestSpec.swift; sourceTree = "<group>"; };
		4C281408200140D600906625 /* PullRequest.json */ = {isa = PBXFileReference; lastKnownFileType = text.json; path = PullRequest.json; sourceTree = "<group>"; };
		4C28140A2001416000906625 /* PullRequest_invalid.json */ = {isa = PBXFileReference; lastKnownFileType = text.json; path = PullRequest_invalid.json; sourceTree = "<group>"; };
		4C28140C2001420800906625 /* JSONDecoder+Models.swift */ = {isa = PBXFileReference; lastKnownFileType = sourcecode.swift; path = "JSONDecoder+Models.swift"; sourceTree = "<group>"; };
		4C28140E2001430500906625 /* PullRequest_nullBody.json */ = {isa = PBXFileReference; lastKnownFileType = text.json; path = PullRequest_nullBody.json; sourceTree = "<group>"; };
		4C281410200146B700906625 /* AutoheightableView.swift */ = {isa = PBXFileReference; lastKnownFileType = sourcecode.swift; path = AutoheightableView.swift; sourceTree = "<group>"; };
		4C28141A2001521000906625 /* RepositoryListPage.json */ = {isa = PBXFileReference; lastKnownFileType = text.json; path = RepositoryListPage.json; sourceTree = "<group>"; };
		4C28141E200152C800906625 /* RepositoryListPage_invalid.json */ = {isa = PBXFileReference; lastKnownFileType = text.json; path = RepositoryListPage_invalid.json; sourceTree = "<group>"; };
		4C2814202001531700906625 /* PullRequestListPage.json */ = {isa = PBXFileReference; lastKnownFileType = text.json; path = PullRequestListPage.json; sourceTree = "<group>"; };
		4C281422200153A900906625 /* PullRequestListPage_invalid.json */ = {isa = PBXFileReference; lastKnownFileType = text.json; path = PullRequestListPage_invalid.json; sourceTree = "<group>"; };
		4C281425200156B000906625 /* SceneCoordinatorType.swift */ = {isa = PBXFileReference; lastKnownFileType = sourcecode.swift; path = SceneCoordinatorType.swift; sourceTree = "<group>"; };
		4C281427200157DA00906625 /* RepositoryListContainerSpec.swift */ = {isa = PBXFileReference; lastKnownFileType = sourcecode.swift; path = RepositoryListContainerSpec.swift; sourceTree = "<group>"; };
		4C28142920015A3400906625 /* RepositoryServiceSpec.swift */ = {isa = PBXFileReference; lastKnownFileType = sourcecode.swift; path = RepositoryServiceSpec.swift; sourceTree = "<group>"; };
		4C28142B200167F600906625 /* RepositoryListPage_empty.json */ = {isa = PBXFileReference; lastKnownFileType = text.json; path = RepositoryListPage_empty.json; sourceTree = "<group>"; };
		4C28142D2001766F00906625 /* RepositoryListRateLimitError.json */ = {isa = PBXFileReference; lastKnownFileType = text.json; path = RepositoryListRateLimitError.json; sourceTree = "<group>"; };
		4C28142F2001777A00906625 /* APIKeys.swift */ = {isa = PBXFileReference; lastKnownFileType = sourcecode.swift; path = APIKeys.swift; sourceTree = "<group>"; };
		4C281431200188B700906625 /* PullRequestServiceSpec.swift */ = {isa = PBXFileReference; lastKnownFileType = sourcecode.swift; path = PullRequestServiceSpec.swift; sourceTree = "<group>"; };
		4C28143320018C5100906625 /* PullRequestListPage_empty.json */ = {isa = PBXFileReference; lastKnownFileType = text.json; path = PullRequestListPage_empty.json; sourceTree = "<group>"; };
		4C281435200190AA00906625 /* RepositoryCellFactory.swift */ = {isa = PBXFileReference; lastKnownFileType = sourcecode.swift; path = RepositoryCellFactory.swift; sourceTree = "<group>"; };
		4C66339E200007E10045A1A2 /* RepositoryServiceType.swift */ = {isa = PBXFileReference; lastKnownFileType = sourcecode.swift; path = RepositoryServiceType.swift; sourceTree = "<group>"; };
		4C6633A02000083B0045A1A2 /* PullRequestServiceType.swift */ = {isa = PBXFileReference; lastKnownFileType = sourcecode.swift; path = PullRequestServiceType.swift; sourceTree = "<group>"; };
		4C6633A3200008E00045A1A2 /* RepositoryService.swift */ = {isa = PBXFileReference; lastKnownFileType = sourcecode.swift; path = RepositoryService.swift; sourceTree = "<group>"; };
		4C6633A520000B190045A1A2 /* RepositoryListContainer.swift */ = {isa = PBXFileReference; lastKnownFileType = sourcecode.swift; path = RepositoryListContainer.swift; sourceTree = "<group>"; };
		4C6633A7200011480045A1A2 /* Repository+Identifiable.swift */ = {isa = PBXFileReference; lastKnownFileType = sourcecode.swift; path = "Repository+Identifiable.swift"; sourceTree = "<group>"; };
		4C6633A92000118D0045A1A2 /* PullRequest+Identifiable.swift */ = {isa = PBXFileReference; lastKnownFileType = sourcecode.swift; path = "PullRequest+Identifiable.swift"; sourceTree = "<group>"; };
		4C6633AB20001A2E0045A1A2 /* PullRequestHeaderModel.swift */ = {isa = PBXFileReference; lastKnownFileType = sourcecode.swift; path = PullRequestHeaderModel.swift; sourceTree = "<group>"; };
		4C6633AD20001C880045A1A2 /* APIPaths.swift */ = {isa = PBXFileReference; lastKnownFileType = sourcecode.swift; path = APIPaths.swift; sourceTree = "<group>"; };
		4C6633B020001D520045A1A2 /* Scene.swift */ = {isa = PBXFileReference; lastKnownFileType = sourcecode.swift; path = Scene.swift; sourceTree = "<group>"; };
		4C6633B620001E800045A1A2 /* StoryboardIdentifier.swift */ = {isa = PBXFileReference; lastKnownFileType = sourcecode.swift; path = StoryboardIdentifier.swift; sourceTree = "<group>"; };
		4C6633B820001EF80045A1A2 /* Scene+ViewController.swift */ = {isa = PBXFileReference; lastKnownFileType = sourcecode.swift; path = "Scene+ViewController.swift"; sourceTree = "<group>"; };
		4C6633BC200020AE0045A1A2 /* SceneCoordinator.swift */ = {isa = PBXFileReference; lastKnownFileType = sourcecode.swift; path = SceneCoordinator.swift; sourceTree = "<group>"; };
		4C6633BE200021750045A1A2 /* SceneTransition.swift */ = {isa = PBXFileReference; lastKnownFileType = sourcecode.swift; path = SceneTransition.swift; sourceTree = "<group>"; };
		4C6633C120004BEC0045A1A2 /* PullRequestService.swift */ = {isa = PBXFileReference; lastKnownFileType = sourcecode.swift; path = PullRequestService.swift; sourceTree = "<group>"; };
		4C6633C3200053570045A1A2 /* PageReloadableViewController.swift */ = {isa = PBXFileReference; lastKnownFileType = sourcecode.swift; path = PageReloadableViewController.swift; sourceTree = "<group>"; };
		4C71B02B20006D5200F583CB /* PullRequestViewController.swift */ = {isa = PBXFileReference; lastKnownFileType = sourcecode.swift; path = PullRequestViewController.swift; sourceTree = "<group>"; };
		4C71B02D2000710F00F583CB /* WKWebView+Rx.swift */ = {isa = PBXFileReference; lastKnownFileType = sourcecode.swift; path = "WKWebView+Rx.swift"; sourceTree = "<group>"; };
		4C98FDE21FFFD17A009B9ACF /* PullRequestTableViewCell.swift */ = {isa = PBXFileReference; lastKnownFileType = sourcecode.swift; path = PullRequestTableViewCell.swift; sourceTree = "<group>"; };
		4C98FDE31FFFD17A009B9ACF /* PullRequestTableViewCell.xib */ = {isa = PBXFileReference; lastKnownFileType = file.xib; path = PullRequestTableViewCell.xib; sourceTree = "<group>"; };
		4C98FDED1FFFD6E3009B9ACF /* PullRequestListViewController.swift */ = {isa = PBXFileReference; lastKnownFileType = sourcecode.swift; path = PullRequestListViewController.swift; sourceTree = "<group>"; };
		4C98FDEF1FFFD85E009B9ACF /* PullRequestListViewModel.swift */ = {isa = PBXFileReference; lastKnownFileType = sourcecode.swift; path = PullRequestListViewModel.swift; sourceTree = "<group>"; };
		4C98FDF31FFFD8DF009B9ACF /* PullRequest.swift */ = {isa = PBXFileReference; lastKnownFileType = sourcecode.swift; path = PullRequest.swift; sourceTree = "<group>"; };
		4C98FE031FFFFA00009B9ACF /* Segue.swift */ = {isa = PBXFileReference; lastKnownFileType = sourcecode.swift; path = Segue.swift; sourceTree = "<group>"; };
		4CCE6A1B2001921000ABA7F4 /* PullRequestCellFactory.swift */ = {isa = PBXFileReference; lastKnownFileType = sourcecode.swift; path = PullRequestCellFactory.swift; sourceTree = "<group>"; };
		4CCE6A1E2001982700ABA7F4 /* RepositoryListViewModelSpec.swift */ = {isa = PBXFileReference; lastKnownFileType = sourcecode.swift; path = RepositoryListViewModelSpec.swift; sourceTree = "<group>"; };
		4CCE6A2120019A0F00ABA7F4 /* FakeRepositoryService.swift */ = {isa = PBXFileReference; lastKnownFileType = sourcecode.swift; path = FakeRepositoryService.swift; sourceTree = "<group>"; };
		4CCE6A2320019D1300ABA7F4 /* FakeSceneCoordinator.swift */ = {isa = PBXFileReference; lastKnownFileType = sourcecode.swift; path = FakeSceneCoordinator.swift; sourceTree = "<group>"; };
		4CCE6A252001B02F00ABA7F4 /* PullRequestListViewModelSpec.swift */ = {isa = PBXFileReference; lastKnownFileType = sourcecode.swift; path = PullRequestListViewModelSpec.swift; sourceTree = "<group>"; };
		4CCE6A272001B0A300ABA7F4 /* FakePullRequestService.swift */ = {isa = PBXFileReference; lastKnownFileType = sourcecode.swift; path = FakePullRequestService.swift; sourceTree = "<group>"; };
		4CFA869A1FFEBC2200F39F99 /* desafio-concrete.app */ = {isa = PBXFileReference; explicitFileType = wrapper.application; includeInIndex = 0; path = "desafio-concrete.app"; sourceTree = BUILT_PRODUCTS_DIR; };
		4CFA869D1FFEBC2200F39F99 /* AppDelegate.swift */ = {isa = PBXFileReference; lastKnownFileType = sourcecode.swift; path = AppDelegate.swift; sourceTree = "<group>"; };
		4CFA86A41FFEBC2200F39F99 /* Assets.xcassets */ = {isa = PBXFileReference; lastKnownFileType = folder.assetcatalog; path = Assets.xcassets; sourceTree = "<group>"; };
		4CFA86A71FFEBC2200F39F99 /* Base */ = {isa = PBXFileReference; lastKnownFileType = file.storyboard; name = Base; path = Base.lproj/LaunchScreen.storyboard; sourceTree = "<group>"; };
		4CFA86A91FFEBC2200F39F99 /* Info.plist */ = {isa = PBXFileReference; lastKnownFileType = text.plist.xml; path = Info.plist; sourceTree = "<group>"; };
		4CFA86AE1FFEBC2200F39F99 /* desafio-concreteTests.xctest */ = {isa = PBXFileReference; explicitFileType = wrapper.cfbundle; includeInIndex = 0; path = "desafio-concreteTests.xctest"; sourceTree = BUILT_PRODUCTS_DIR; };
		4CFA86B41FFEBC2200F39F99 /* Info.plist */ = {isa = PBXFileReference; lastKnownFileType = text.plist.xml; path = Info.plist; sourceTree = "<group>"; };
		4CFA86C11FFEC20800F39F99 /* RepositoryListViewController.swift */ = {isa = PBXFileReference; lastKnownFileType = sourcecode.swift; path = RepositoryListViewController.swift; sourceTree = "<group>"; };
		4CFA86C41FFEC23B00F39F99 /* Main.storyboard */ = {isa = PBXFileReference; lastKnownFileType = file.storyboard; path = Main.storyboard; sourceTree = "<group>"; };
		4CFA86C81FFEC3A100F39F99 /* RepositoryTableViewCell.swift */ = {isa = PBXFileReference; lastKnownFileType = sourcecode.swift; path = RepositoryTableViewCell.swift; sourceTree = "<group>"; };
		4CFA86C91FFEC3A100F39F99 /* RepositoryTableViewCell.xib */ = {isa = PBXFileReference; lastKnownFileType = file.xib; path = RepositoryTableViewCell.xib; sourceTree = "<group>"; };
		4CFA86D01FFECC0F00F39F99 /* UIColor+Colors.swift */ = {isa = PBXFileReference; lastKnownFileType = sourcecode.swift; path = "UIColor+Colors.swift"; sourceTree = "<group>"; };
		4CFA86D21FFECEED00F39F99 /* UITableViewCell+Defaults.swift */ = {isa = PBXFileReference; lastKnownFileType = sourcecode.swift; path = "UITableViewCell+Defaults.swift"; sourceTree = "<group>"; };
		4CFA86D41FFED09F00F39F99 /* UITableView+NibUtils.swift */ = {isa = PBXFileReference; lastKnownFileType = sourcecode.swift; path = "UITableView+NibUtils.swift"; sourceTree = "<group>"; };
		4CFA86D61FFED6D400F39F99 /* RepositoryListViewModel.swift */ = {isa = PBXFileReference; lastKnownFileType = sourcecode.swift; path = RepositoryListViewModel.swift; sourceTree = "<group>"; };
		4CFA86D91FFED83B00F39F99 /* Repository.swift */ = {isa = PBXFileReference; lastKnownFileType = sourcecode.swift; path = Repository.swift; sourceTree = "<group>"; };
		4CFA86DB1FFED89100F39F99 /* User.swift */ = {isa = PBXFileReference; lastKnownFileType = sourcecode.swift; path = User.swift; sourceTree = "<group>"; };
		4CFA86E41FFEFD9A00F39F99 /* ReusableView.swift */ = {isa = PBXFileReference; lastKnownFileType = sourcecode.swift; path = ReusableView.swift; sourceTree = "<group>"; };
		4CFA86E61FFEFDC300F39F99 /* NibLoadableView.swift */ = {isa = PBXFileReference; lastKnownFileType = sourcecode.swift; path = NibLoadableView.swift; sourceTree = "<group>"; };
		4CFA86EA1FFF005700F39F99 /* UIView+CornerRadius.swift */ = {isa = PBXFileReference; lastKnownFileType = sourcecode.swift; path = "UIView+CornerRadius.swift"; sourceTree = "<group>"; };
		4CFA86EC1FFF02CB00F39F99 /* NSObject+ClassName.swift */ = {isa = PBXFileReference; lastKnownFileType = sourcecode.swift; path = "NSObject+ClassName.swift"; sourceTree = "<group>"; };
		4DB8790C919FF215925AE842 /* Pods_desafio_concrete.framework */ = {isa = PBXFileReference; explicitFileType = wrapper.framework; includeInIndex = 0; path = Pods_desafio_concrete.framework; sourceTree = BUILT_PRODUCTS_DIR; };
		4E17CA76746DF846F7BDF8FD /* Pods_desafio_concreteTests.framework */ = {isa = PBXFileReference; explicitFileType = wrapper.framework; includeInIndex = 0; path = Pods_desafio_concreteTests.framework; sourceTree = BUILT_PRODUCTS_DIR; };
		604A067CDCB99A7CE8E61053 /* Pods-desafio-concrete.testing.xcconfig */ = {isa = PBXFileReference; includeInIndex = 1; lastKnownFileType = text.xcconfig; name = "Pods-desafio-concrete.testing.xcconfig"; path = "Pods/Target Support Files/Pods-desafio-concrete/Pods-desafio-concrete.testing.xcconfig"; sourceTree = "<group>"; };
		7E313495A42F8B8F9B2FBF67 /* Pods-desafio-concrete.debug.xcconfig */ = {isa = PBXFileReference; includeInIndex = 1; lastKnownFileType = text.xcconfig; name = "Pods-desafio-concrete.debug.xcconfig"; path = "Pods/Target Support Files/Pods-desafio-concrete/Pods-desafio-concrete.debug.xcconfig"; sourceTree = "<group>"; };
		BFE952E97FE08009F31DDFE5 /* Pods-desafio-concreteTests.testing.xcconfig */ = {isa = PBXFileReference; includeInIndex = 1; lastKnownFileType = text.xcconfig; name = "Pods-desafio-concreteTests.testing.xcconfig"; path = "Pods/Target Support Files/Pods-desafio-concreteTests/Pods-desafio-concreteTests.testing.xcconfig"; sourceTree = "<group>"; };
		C911CA42B4880BA6665AB291 /* Pods-desafio-concrete.release.xcconfig */ = {isa = PBXFileReference; includeInIndex = 1; lastKnownFileType = text.xcconfig; name = "Pods-desafio-concrete.release.xcconfig"; path = "Pods/Target Support Files/Pods-desafio-concrete/Pods-desafio-concrete.release.xcconfig"; sourceTree = "<group>"; };
		C96355104C7054091FDFB779 /* Pods-desafio-concreteTests.debug.xcconfig */ = {isa = PBXFileReference; includeInIndex = 1; lastKnownFileType = text.xcconfig; name = "Pods-desafio-concreteTests.debug.xcconfig"; path = "Pods/Target Support Files/Pods-desafio-concreteTests/Pods-desafio-concreteTests.debug.xcconfig"; sourceTree = "<group>"; };
		F460DF351CEBAAAFA86529BD /* Pods-desafio-concreteTests.release.xcconfig */ = {isa = PBXFileReference; includeInIndex = 1; lastKnownFileType = text.xcconfig; name = "Pods-desafio-concreteTests.release.xcconfig"; path = "Pods/Target Support Files/Pods-desafio-concreteTests/Pods-desafio-concreteTests.release.xcconfig"; sourceTree = "<group>"; };
/* End PBXFileReference section */

/* Begin PBXFrameworksBuildPhase section */
		4CFA86971FFEBC2200F39F99 /* Frameworks */ = {
			isa = PBXFrameworksBuildPhase;
			buildActionMask = 2147483647;
			files = (
				F1B06D9F8CECA74E20BF3D30 /* Pods_desafio_concrete.framework in Frameworks */,
			);
			runOnlyForDeploymentPostprocessing = 0;
		};
		4CFA86AB1FFEBC2200F39F99 /* Frameworks */ = {
			isa = PBXFrameworksBuildPhase;
			buildActionMask = 2147483647;
			files = (
				0BC8E832CD6C6C13DA6900E8 /* Pods_desafio_concreteTests.framework in Frameworks */,
			);
			runOnlyForDeploymentPostprocessing = 0;
		};
/* End PBXFrameworksBuildPhase section */

/* Begin PBXGroup section */
		2BFD2B626A690FEA83344056 /* Pods */ = {
			isa = PBXGroup;
			children = (
				7E313495A42F8B8F9B2FBF67 /* Pods-desafio-concrete.debug.xcconfig */,
				C911CA42B4880BA6665AB291 /* Pods-desafio-concrete.release.xcconfig */,
				C96355104C7054091FDFB779 /* Pods-desafio-concreteTests.debug.xcconfig */,
				F460DF351CEBAAAFA86529BD /* Pods-desafio-concreteTests.release.xcconfig */,
				604A067CDCB99A7CE8E61053 /* Pods-desafio-concrete.testing.xcconfig */,
				BFE952E97FE08009F31DDFE5 /* Pods-desafio-concreteTests.testing.xcconfig */,
			);
			name = Pods;
			sourceTree = "<group>";
		};
		330ACA4E0749294D54ECF975 /* Frameworks */ = {
			isa = PBXGroup;
			children = (
				4DB8790C919FF215925AE842 /* Pods_desafio_concrete.framework */,
				4E17CA76746DF846F7BDF8FD /* Pods_desafio_concreteTests.framework */,
			);
			name = Frameworks;
			sourceTree = "<group>";
		};
		4C2813E520010AC500906625 /* API */ = {
			isa = PBXGroup;
			children = (
				4C6633AD20001C880045A1A2 /* APIPaths.swift */,
				4C2813E320010A5F00906625 /* APIParams.swift */,
				4C28142F2001777A00906625 /* APIKeys.swift */,
			);
			path = API;
			sourceTree = "<group>";
		};
		4C2813EA20011D7A00906625 /* PullRequestHeaderView */ = {
			isa = PBXGroup;
			children = (
				4C2813EB20011D9300906625 /* PullRequestHeaderView.swift */,
				4C2813ED20011DAD00906625 /* PullRequestHeaderView.xib */,
			);
			path = PullRequestHeaderView;
			sourceTree = "<group>";
		};
		4C2813EF2001370300906625 /* Models */ = {
			isa = PBXGroup;
			children = (
				4C2813F12001373200906625 /* UserSpec.swift */,
				4C2813F820013CF500906625 /* RepositorySpec.swift */,
				4C2814062001407600906625 /* PullRequestSpec.swift */,
				4C281427200157DA00906625 /* RepositoryListContainerSpec.swift */,
			);
			path = Models;
			sourceTree = "<group>";
		};
		4C2813F3200138FF00906625 /* TestFixtures */ = {
			isa = PBXGroup;
			children = (
				4C281419200151FA00906625 /* Lists */,
				4C281418200151EE00906625 /* Models */,
			);
			path = TestFixtures;
			sourceTree = "<group>";
		};
		4C281418200151EE00906625 /* Models */ = {
			isa = PBXGroup;
			children = (
				4C2813F42001390F00906625 /* User.json */,
				4C2813F620013BBF00906625 /* User_invalid.json */,
				4C2813FA20013D5100906625 /* Repository.json */,
				4C2813FC20013D9100906625 /* Repository_invalid.json */,
				4C28140020013E2600906625 /* Repository_nullDescription.json */,
				4C28140420013EB700906625 /* Repository_invalidPullsURL.json */,
				4C281408200140D600906625 /* PullRequest.json */,
				4C28140A2001416000906625 /* PullRequest_invalid.json */,
				4C28140E2001430500906625 /* PullRequest_nullBody.json */,
			);
			path = Models;
			sourceTree = "<group>";
		};
		4C281419200151FA00906625 /* Lists */ = {
			isa = PBXGroup;
			children = (
				4C28141A2001521000906625 /* RepositoryListPage.json */,
				4C28142B200167F600906625 /* RepositoryListPage_empty.json */,
				4C28141E200152C800906625 /* RepositoryListPage_invalid.json */,
				4C2814202001531700906625 /* PullRequestListPage.json */,
				4C28143320018C5100906625 /* PullRequestListPage_empty.json */,
				4C281422200153A900906625 /* PullRequestListPage_invalid.json */,
				4C28142D2001766F00906625 /* RepositoryListRateLimitError.json */,
			);
			path = Lists;
			sourceTree = "<group>";
		};
		4C2814242001562300906625 /* Services */ = {
			isa = PBXGroup;
			children = (
				4C28142920015A3400906625 /* RepositoryServiceSpec.swift */,
				4C281431200188B700906625 /* PullRequestServiceSpec.swift */,
			);
			path = Services;
			sourceTree = "<group>";
		};
		4C66339D200006B60045A1A2 /* Services */ = {
			isa = PBXGroup;
			children = (
				4C6633A2200008CF0045A1A2 /* RepositoryListService */,
				4C6633C020004AA30045A1A2 /* PullRequestListService */,
			);
			path = Services;
			sourceTree = "<group>";
		};
		4C6633A2200008CF0045A1A2 /* RepositoryListService */ = {
			isa = PBXGroup;
			children = (
				4C66339E200007E10045A1A2 /* RepositoryServiceType.swift */,
				4C6633A3200008E00045A1A2 /* RepositoryService.swift */,
			);
			path = RepositoryListService;
			sourceTree = "<group>";
		};
		4C6633AF20001D3F0045A1A2 /* Coordinator */ = {
			isa = PBXGroup;
			children = (
				4C6633B020001D520045A1A2 /* Scene.swift */,
				4C6633B820001EF80045A1A2 /* Scene+ViewController.swift */,
				4C281425200156B000906625 /* SceneCoordinatorType.swift */,
				4C6633BC200020AE0045A1A2 /* SceneCoordinator.swift */,
				4C6633BE200021750045A1A2 /* SceneTransition.swift */,
			);
			path = Coordinator;
			sourceTree = "<group>";
		};
		4C6633C020004AA30045A1A2 /* PullRequestListService */ = {
			isa = PBXGroup;
			children = (
				4C6633A02000083B0045A1A2 /* PullRequestServiceType.swift */,
				4C6633C120004BEC0045A1A2 /* PullRequestService.swift */,
			);
			path = PullRequestListService;
			sourceTree = "<group>";
		};
		4C71B02A20006D3D00F583CB /* PullRequest */ = {
			isa = PBXGroup;
			children = (
				4C71B02B20006D5200F583CB /* PullRequestViewController.swift */,
			);
			path = PullRequest;
			sourceTree = "<group>";
		};
		4C98FDE01FFFD15F009B9ACF /* RepositoryCell */ = {
			isa = PBXGroup;
			children = (
				4CFA86C81FFEC3A100F39F99 /* RepositoryTableViewCell.swift */,
				4CFA86C91FFEC3A100F39F99 /* RepositoryTableViewCell.xib */,
			);
			path = RepositoryCell;
			sourceTree = "<group>";
		};
		4C98FDE11FFFD165009B9ACF /* PullRequestCell */ = {
			isa = PBXGroup;
			children = (
				4C98FDE21FFFD17A009B9ACF /* PullRequestTableViewCell.swift */,
				4C98FDE31FFFD17A009B9ACF /* PullRequestTableViewCell.xib */,
			);
			path = PullRequestCell;
			sourceTree = "<group>";
		};
		4C98FDEC1FFFD4F1009B9ACF /* PullRequestList */ = {
			isa = PBXGroup;
			children = (
				4C98FDED1FFFD6E3009B9ACF /* PullRequestListViewController.swift */,
				4C98FDEF1FFFD85E009B9ACF /* PullRequestListViewModel.swift */,
				4C6633AB20001A2E0045A1A2 /* PullRequestHeaderModel.swift */,
				4CCE6A1B2001921000ABA7F4 /* PullRequestCellFactory.swift */,
			);
			path = PullRequestList;
			sourceTree = "<group>";
		};
		4CCE6A1D200197F200ABA7F4 /* ViewModels */ = {
			isa = PBXGroup;
			children = (
				4CCE6A1E2001982700ABA7F4 /* RepositoryListViewModelSpec.swift */,
				4CCE6A252001B02F00ABA7F4 /* PullRequestListViewModelSpec.swift */,
			);
			path = ViewModels;
			sourceTree = "<group>";
		};
		4CCE6A20200199E800ABA7F4 /* TestFakes */ = {
			isa = PBXGroup;
			children = (
				4CCE6A272001B0A300ABA7F4 /* FakePullRequestService.swift */,
				4CCE6A2120019A0F00ABA7F4 /* FakeRepositoryService.swift */,
				4CCE6A2320019D1300ABA7F4 /* FakeSceneCoordinator.swift */,
			);
			path = TestFakes;
			sourceTree = "<group>";
		};
		4CFA86911FFEBC2200F39F99 = {
			isa = PBXGroup;
			children = (
				4CFA869C1FFEBC2200F39F99 /* desafio-concrete */,
				4CFA86B11FFEBC2200F39F99 /* desafio-concreteTests */,
				4CFA869B1FFEBC2200F39F99 /* Products */,
				2BFD2B626A690FEA83344056 /* Pods */,
				330ACA4E0749294D54ECF975 /* Frameworks */,
			);
			sourceTree = "<group>";
		};
		4CFA869B1FFEBC2200F39F99 /* Products */ = {
			isa = PBXGroup;
			children = (
				4CFA869A1FFEBC2200F39F99 /* desafio-concrete.app */,
				4CFA86AE1FFEBC2200F39F99 /* desafio-concreteTests.xctest */,
			);
			name = Products;
			sourceTree = "<group>";
		};
		4CFA869C1FFEBC2200F39F99 /* desafio-concrete */ = {
			isa = PBXGroup;
			children = (
				4C6633AF20001D3F0045A1A2 /* Coordinator */,
				4C66339D200006B60045A1A2 /* Services */,
				4CFA86D81FFED83100F39F99 /* Models */,
				4CFA86CF1FFECC0300F39F99 /* Extensions */,
				4CFA86CC1FFECB8A00F39F99 /* Util */,
				4CFA86C61FFEC33C00F39F99 /* Views */,
				4CFA86BE1FFEC1DF00F39F99 /* Scenes */,
				4CFA86BD1FFEBE3600F39F99 /* Base */,
				4CFA86A91FFEBC2200F39F99 /* Info.plist */,
			);
			path = "desafio-concrete";
			sourceTree = "<group>";
		};
		4CFA86B11FFEBC2200F39F99 /* desafio-concreteTests */ = {
			isa = PBXGroup;
			children = (
				4CCE6A1D200197F200ABA7F4 /* ViewModels */,
				4C2814242001562300906625 /* Services */,
				4C2813EF2001370300906625 /* Models */,
				4C2813F3200138FF00906625 /* TestFixtures */,
				4CCE6A20200199E800ABA7F4 /* TestFakes */,
				4CFA86B41FFEBC2200F39F99 /* Info.plist */,
			);
			path = "desafio-concreteTests";
			sourceTree = "<group>";
		};
		4CFA86BD1FFEBE3600F39F99 /* Base */ = {
			isa = PBXGroup;
			children = (
				4CFA869D1FFEBC2200F39F99 /* AppDelegate.swift */,
				4CFA86A61FFEBC2200F39F99 /* LaunchScreen.storyboard */,
				4CFA86A41FFEBC2200F39F99 /* Assets.xcassets */,
			);
			path = Base;
			sourceTree = "<group>";
		};
		4CFA86BE1FFEC1DF00F39F99 /* Scenes */ = {
			isa = PBXGroup;
			children = (
				4CFA86C31FFEC22F00F39F99 /* Storyboard */,
				4CFA86BF1FFEC1EA00F39F99 /* RepositoryList */,
				4C98FDEC1FFFD4F1009B9ACF /* PullRequestList */,
				4C71B02A20006D3D00F583CB /* PullRequest */,
				4C6633C3200053570045A1A2 /* PageReloadableViewController.swift */,
			);
			path = Scenes;
			sourceTree = "<group>";
		};
		4CFA86BF1FFEC1EA00F39F99 /* RepositoryList */ = {
			isa = PBXGroup;
			children = (
				4CFA86C11FFEC20800F39F99 /* RepositoryListViewController.swift */,
				4CFA86D61FFED6D400F39F99 /* RepositoryListViewModel.swift */,
				4C281435200190AA00906625 /* RepositoryCellFactory.swift */,
			);
			path = RepositoryList;
			sourceTree = "<group>";
		};
		4CFA86C31FFEC22F00F39F99 /* Storyboard */ = {
			isa = PBXGroup;
			children = (
				4CFA86C41FFEC23B00F39F99 /* Main.storyboard */,
			);
			path = Storyboard;
			sourceTree = "<group>";
		};
		4CFA86C61FFEC33C00F39F99 /* Views */ = {
			isa = PBXGroup;
			children = (
				4CFA86C71FFEC34000F39F99 /* Cells */,
			);
			path = Views;
			sourceTree = "<group>";
		};
		4CFA86C71FFEC34000F39F99 /* Cells */ = {
			isa = PBXGroup;
			children = (
				4C2813EA20011D7A00906625 /* PullRequestHeaderView */,
				4C98FDE11FFFD165009B9ACF /* PullRequestCell */,
				4C98FDE01FFFD15F009B9ACF /* RepositoryCell */,
			);
			path = Cells;
			sourceTree = "<group>";
		};
		4CFA86CC1FFECB8A00F39F99 /* Util */ = {
			isa = PBXGroup;
			children = (
				4CFA86E41FFEFD9A00F39F99 /* ReusableView.swift */,
				4CFA86E61FFEFDC300F39F99 /* NibLoadableView.swift */,
				4C281410200146B700906625 /* AutoheightableView.swift */,
				4C98FE031FFFFA00009B9ACF /* Segue.swift */,
				4C6633B620001E800045A1A2 /* StoryboardIdentifier.swift */,
				4C71B02D2000710F00F583CB /* WKWebView+Rx.swift */,
				4C2813E520010AC500906625 /* API */,
			);
			path = Util;
			sourceTree = "<group>";
		};
		4CFA86CF1FFECC0300F39F99 /* Extensions */ = {
			isa = PBXGroup;
			children = (
				4CFA86D01FFECC0F00F39F99 /* UIColor+Colors.swift */,
				4CFA86D21FFECEED00F39F99 /* UITableViewCell+Defaults.swift */,
				4CFA86D41FFED09F00F39F99 /* UITableView+NibUtils.swift */,
				4CFA86EA1FFF005700F39F99 /* UIView+CornerRadius.swift */,
				4CFA86EC1FFF02CB00F39F99 /* NSObject+ClassName.swift */,
				4C2813E820011C2400906625 /* Date+HumanReadable.swift */,
				4C28140C2001420800906625 /* JSONDecoder+Models.swift */,
			);
			path = Extensions;
			sourceTree = "<group>";
		};
		4CFA86D81FFED83100F39F99 /* Models */ = {
			isa = PBXGroup;
			children = (
				4CFA86D91FFED83B00F39F99 /* Repository.swift */,
				4C6633A520000B190045A1A2 /* RepositoryListContainer.swift */,
				4CFA86DB1FFED89100F39F99 /* User.swift */,
				4C98FDF31FFFD8DF009B9ACF /* PullRequest.swift */,
				4C6633A7200011480045A1A2 /* Repository+Identifiable.swift */,
				4C6633A92000118D0045A1A2 /* PullRequest+Identifiable.swift */,
			);
			path = Models;
			sourceTree = "<group>";
		};
/* End PBXGroup section */

/* Begin PBXNativeTarget section */
		4CFA86991FFEBC2200F39F99 /* desafio-concrete */ = {
			isa = PBXNativeTarget;
			buildConfigurationList = 4CFA86B71FFEBC2200F39F99 /* Build configuration list for PBXNativeTarget "desafio-concrete" */;
			buildPhases = (
				B0DC38BDE1C0740FB60032EF /* [CP] Check Pods Manifest.lock */,
				4CFA86961FFEBC2200F39F99 /* Sources */,
				4CFA86971FFEBC2200F39F99 /* Frameworks */,
				4CFA86981FFEBC2200F39F99 /* Resources */,
				25ACB1030130C2D997909232 /* [CP] Embed Pods Frameworks */,
				D9322630BAAD1016964DAC56 /* [CP] Copy Pods Resources */,
			);
			buildRules = (
			);
			dependencies = (
			);
			name = "desafio-concrete";
			productName = "desafio-concrete";
			productReference = 4CFA869A1FFEBC2200F39F99 /* desafio-concrete.app */;
			productType = "com.apple.product-type.application";
		};
		4CFA86AD1FFEBC2200F39F99 /* desafio-concreteTests */ = {
			isa = PBXNativeTarget;
			buildConfigurationList = 4CFA86BA1FFEBC2200F39F99 /* Build configuration list for PBXNativeTarget "desafio-concreteTests" */;
			buildPhases = (
				C5EF02EF7FCFFC8BA43ED4C4 /* [CP] Check Pods Manifest.lock */,
				4CFA86AA1FFEBC2200F39F99 /* Sources */,
				4CFA86AB1FFEBC2200F39F99 /* Frameworks */,
				4CFA86AC1FFEBC2200F39F99 /* Resources */,
				CE205F90E9A31956081F091A /* [CP] Embed Pods Frameworks */,
				94C2F777D7C7E795D725076C /* [CP] Copy Pods Resources */,
			);
			buildRules = (
			);
			dependencies = (
				4CFA86B01FFEBC2200F39F99 /* PBXTargetDependency */,
			);
			name = "desafio-concreteTests";
			productName = "desafio-concreteTests";
			productReference = 4CFA86AE1FFEBC2200F39F99 /* desafio-concreteTests.xctest */;
			productType = "com.apple.product-type.bundle.unit-test";
		};
/* End PBXNativeTarget section */

/* Begin PBXProject section */
		4CFA86921FFEBC2200F39F99 /* Project object */ = {
			isa = PBXProject;
			attributes = {
				LastSwiftUpdateCheck = 0920;
				LastUpgradeCheck = 0920;
				ORGANIZATIONNAME = Vergil;
				TargetAttributes = {
					4CFA86991FFEBC2200F39F99 = {
						CreatedOnToolsVersion = 9.2;
						ProvisioningStyle = Automatic;
					};
					4CFA86AD1FFEBC2200F39F99 = {
						CreatedOnToolsVersion = 9.2;
						LastSwiftMigration = 0920;
						ProvisioningStyle = Automatic;
						TestTargetID = 4CFA86991FFEBC2200F39F99;
					};
				};
			};
			buildConfigurationList = 4CFA86951FFEBC2200F39F99 /* Build configuration list for PBXProject "desafio-concrete" */;
			compatibilityVersion = "Xcode 8.0";
			developmentRegion = en;
			hasScannedForEncodings = 0;
			knownRegions = (
				en,
				Base,
			);
			mainGroup = 4CFA86911FFEBC2200F39F99;
			productRefGroup = 4CFA869B1FFEBC2200F39F99 /* Products */;
			projectDirPath = "";
			projectRoot = "";
			targets = (
				4CFA86991FFEBC2200F39F99 /* desafio-concrete */,
				4CFA86AD1FFEBC2200F39F99 /* desafio-concreteTests */,
			);
		};
/* End PBXProject section */

/* Begin PBXResourcesBuildPhase section */
		4CFA86981FFEBC2200F39F99 /* Resources */ = {
			isa = PBXResourcesBuildPhase;
			buildActionMask = 2147483647;
			files = (
				4CFA86C51FFEC23B00F39F99 /* Main.storyboard in Resources */,
				4CFA86A81FFEBC2200F39F99 /* LaunchScreen.storyboard in Resources */,
				4CFA86A51FFEBC2200F39F99 /* Assets.xcassets in Resources */,
				4C98FDE51FFFD17A009B9ACF /* PullRequestTableViewCell.xib in Resources */,
				4C2813EE20011DAD00906625 /* PullRequestHeaderView.xib in Resources */,
				4CFA86CB1FFEC3A100F39F99 /* RepositoryTableViewCell.xib in Resources */,
			);
			runOnlyForDeploymentPostprocessing = 0;
		};
		4CFA86AC1FFEBC2200F39F99 /* Resources */ = {
			isa = PBXResourcesBuildPhase;
			buildActionMask = 2147483647;
			files = (
				4C28140F2001430500906625 /* PullRequest_nullBody.json in Resources */,
				4C28142E2001766F00906625 /* RepositoryListRateLimitError.json in Resources */,
				4C281409200140D600906625 /* PullRequest.json in Resources */,
				4C28143420018C5100906625 /* PullRequestListPage_empty.json in Resources */,
				4C281423200153A900906625 /* PullRequestListPage_invalid.json in Resources */,
				4C2813F720013BBF00906625 /* User_invalid.json in Resources */,
				4C2814212001531700906625 /* PullRequestListPage.json in Resources */,
				4C2813FD20013D9100906625 /* Repository_invalid.json in Resources */,
				4C28140520013EB700906625 /* Repository_invalidPullsURL.json in Resources */,
				4C28140B2001416000906625 /* PullRequest_invalid.json in Resources */,
				4C28142C200167F600906625 /* RepositoryListPage_empty.json in Resources */,
				4C28140120013E2600906625 /* Repository_nullDescription.json in Resources */,
				4C28141B2001521000906625 /* RepositoryListPage.json in Resources */,
				4C2813FB20013D5100906625 /* Repository.json in Resources */,
				4C28141F200152C800906625 /* RepositoryListPage_invalid.json in Resources */,
				4C2813F52001390F00906625 /* User.json in Resources */,
			);
			runOnlyForDeploymentPostprocessing = 0;
		};
/* End PBXResourcesBuildPhase section */

/* Begin PBXShellScriptBuildPhase section */
		25ACB1030130C2D997909232 /* [CP] Embed Pods Frameworks */ = {
			isa = PBXShellScriptBuildPhase;
			buildActionMask = 2147483647;
			files = (
			);
			inputPaths = (
				"${SRCROOT}/Pods/Target Support Files/Pods-desafio-concrete/Pods-desafio-concrete-frameworks.sh",
				"${BUILT_PRODUCTS_DIR}/Action/Action.framework",
				"${BUILT_PRODUCTS_DIR}/Alamofire/Alamofire.framework",
				"${BUILT_PRODUCTS_DIR}/Differentiator/Differentiator.framework",
				"${BUILT_PRODUCTS_DIR}/Kingfisher/Kingfisher.framework",
				"${BUILT_PRODUCTS_DIR}/RxAlamofire/RxAlamofire.framework",
				"${BUILT_PRODUCTS_DIR}/RxCocoa/RxCocoa.framework",
				"${BUILT_PRODUCTS_DIR}/RxDataSources/RxDataSources.framework",
				"${BUILT_PRODUCTS_DIR}/RxSwift/RxSwift.framework",
			);
			name = "[CP] Embed Pods Frameworks";
			outputPaths = (
				"${TARGET_BUILD_DIR}/${FRAMEWORKS_FOLDER_PATH}/Action.framework",
				"${TARGET_BUILD_DIR}/${FRAMEWORKS_FOLDER_PATH}/Alamofire.framework",
				"${TARGET_BUILD_DIR}/${FRAMEWORKS_FOLDER_PATH}/Differentiator.framework",
				"${TARGET_BUILD_DIR}/${FRAMEWORKS_FOLDER_PATH}/Kingfisher.framework",
				"${TARGET_BUILD_DIR}/${FRAMEWORKS_FOLDER_PATH}/RxAlamofire.framework",
				"${TARGET_BUILD_DIR}/${FRAMEWORKS_FOLDER_PATH}/RxCocoa.framework",
				"${TARGET_BUILD_DIR}/${FRAMEWORKS_FOLDER_PATH}/RxDataSources.framework",
				"${TARGET_BUILD_DIR}/${FRAMEWORKS_FOLDER_PATH}/RxSwift.framework",
			);
			runOnlyForDeploymentPostprocessing = 0;
			shellPath = /bin/sh;
			shellScript = "\"${SRCROOT}/Pods/Target Support Files/Pods-desafio-concrete/Pods-desafio-concrete-frameworks.sh\"\n";
			showEnvVarsInLog = 0;
		};
		94C2F777D7C7E795D725076C /* [CP] Copy Pods Resources */ = {
			isa = PBXShellScriptBuildPhase;
			buildActionMask = 2147483647;
			files = (
			);
			inputPaths = (
			);
			name = "[CP] Copy Pods Resources";
			outputPaths = (
			);
			runOnlyForDeploymentPostprocessing = 0;
			shellPath = /bin/sh;
			shellScript = "\"${SRCROOT}/Pods/Target Support Files/Pods-desafio-concreteTests/Pods-desafio-concreteTests-resources.sh\"\n";
			showEnvVarsInLog = 0;
		};
		B0DC38BDE1C0740FB60032EF /* [CP] Check Pods Manifest.lock */ = {
			isa = PBXShellScriptBuildPhase;
			buildActionMask = 2147483647;
			files = (
			);
			inputPaths = (
				"${PODS_PODFILE_DIR_PATH}/Podfile.lock",
				"${PODS_ROOT}/Manifest.lock",
			);
			name = "[CP] Check Pods Manifest.lock";
			outputPaths = (
				"$(DERIVED_FILE_DIR)/Pods-desafio-concrete-checkManifestLockResult.txt",
			);
			runOnlyForDeploymentPostprocessing = 0;
			shellPath = /bin/sh;
			shellScript = "diff \"${PODS_PODFILE_DIR_PATH}/Podfile.lock\" \"${PODS_ROOT}/Manifest.lock\" > /dev/null\nif [ $? != 0 ] ; then\n    # print error to STDERR\n    echo \"error: The sandbox is not in sync with the Podfile.lock. Run 'pod install' or update your CocoaPods installation.\" >&2\n    exit 1\nfi\n# This output is used by Xcode 'outputs' to avoid re-running this script phase.\necho \"SUCCESS\" > \"${SCRIPT_OUTPUT_FILE_0}\"\n";
			showEnvVarsInLog = 0;
		};
		C5EF02EF7FCFFC8BA43ED4C4 /* [CP] Check Pods Manifest.lock */ = {
			isa = PBXShellScriptBuildPhase;
			buildActionMask = 2147483647;
			files = (
			);
			inputPaths = (
				"${PODS_PODFILE_DIR_PATH}/Podfile.lock",
				"${PODS_ROOT}/Manifest.lock",
			);
			name = "[CP] Check Pods Manifest.lock";
			outputPaths = (
				"$(DERIVED_FILE_DIR)/Pods-desafio-concreteTests-checkManifestLockResult.txt",
			);
			runOnlyForDeploymentPostprocessing = 0;
			shellPath = /bin/sh;
			shellScript = "diff \"${PODS_PODFILE_DIR_PATH}/Podfile.lock\" \"${PODS_ROOT}/Manifest.lock\" > /dev/null\nif [ $? != 0 ] ; then\n    # print error to STDERR\n    echo \"error: The sandbox is not in sync with the Podfile.lock. Run 'pod install' or update your CocoaPods installation.\" >&2\n    exit 1\nfi\n# This output is used by Xcode 'outputs' to avoid re-running this script phase.\necho \"SUCCESS\" > \"${SCRIPT_OUTPUT_FILE_0}\"\n";
			showEnvVarsInLog = 0;
		};
		CE205F90E9A31956081F091A /* [CP] Embed Pods Frameworks */ = {
			isa = PBXShellScriptBuildPhase;
			buildActionMask = 2147483647;
			files = (
			);
			inputPaths = (
				"${SRCROOT}/Pods/Target Support Files/Pods-desafio-concreteTests/Pods-desafio-concreteTests-frameworks.sh",
				"${BUILT_PRODUCTS_DIR}/RxSwift/RxSwift.framework",
				"${BUILT_PRODUCTS_DIR}/Nimble/Nimble.framework",
				"${BUILT_PRODUCTS_DIR}/OHHTTPStubs/OHHTTPStubs.framework",
				"${BUILT_PRODUCTS_DIR}/Quick/Quick.framework",
				"${BUILT_PRODUCTS_DIR}/RxBlocking/RxBlocking.framework",
			);
			name = "[CP] Embed Pods Frameworks";
			outputPaths = (
				"${TARGET_BUILD_DIR}/${FRAMEWORKS_FOLDER_PATH}/RxSwift.framework",
				"${TARGET_BUILD_DIR}/${FRAMEWORKS_FOLDER_PATH}/Nimble.framework",
				"${TARGET_BUILD_DIR}/${FRAMEWORKS_FOLDER_PATH}/OHHTTPStubs.framework",
				"${TARGET_BUILD_DIR}/${FRAMEWORKS_FOLDER_PATH}/Quick.framework",
				"${TARGET_BUILD_DIR}/${FRAMEWORKS_FOLDER_PATH}/RxBlocking.framework",
			);
			runOnlyForDeploymentPostprocessing = 0;
			shellPath = /bin/sh;
			shellScript = "\"${SRCROOT}/Pods/Target Support Files/Pods-desafio-concreteTests/Pods-desafio-concreteTests-frameworks.sh\"\n";
			showEnvVarsInLog = 0;
		};
		D9322630BAAD1016964DAC56 /* [CP] Copy Pods Resources */ = {
			isa = PBXShellScriptBuildPhase;
			buildActionMask = 2147483647;
			files = (
			);
			inputPaths = (
			);
			name = "[CP] Copy Pods Resources";
			outputPaths = (
			);
			runOnlyForDeploymentPostprocessing = 0;
			shellPath = /bin/sh;
			shellScript = "\"${SRCROOT}/Pods/Target Support Files/Pods-desafio-concrete/Pods-desafio-concrete-resources.sh\"\n";
			showEnvVarsInLog = 0;
		};
/* End PBXShellScriptBuildPhase section */

/* Begin PBXSourcesBuildPhase section */
		4CFA86961FFEBC2200F39F99 /* Sources */ = {
			isa = PBXSourcesBuildPhase;
			buildActionMask = 2147483647;
			files = (
				4C71B02E2000710F00F583CB /* WKWebView+Rx.swift in Sources */,
				4C2813E420010A5F00906625 /* APIParams.swift in Sources */,
				4C6633C4200053570045A1A2 /* PageReloadableViewController.swift in Sources */,
				4C66339F200007E10045A1A2 /* RepositoryServiceType.swift in Sources */,
				4C6633AA2000118D0045A1A2 /* PullRequest+Identifiable.swift in Sources */,
				4C6633B120001D520045A1A2 /* Scene.swift in Sources */,
				4C6633BF200021750045A1A2 /* SceneTransition.swift in Sources */,
				4C2813EC20011D9300906625 /* PullRequestHeaderView.swift in Sources */,
				4CFA86D71FFED6D400F39F99 /* RepositoryListViewModel.swift in Sources */,
				4C6633AC20001A2E0045A1A2 /* PullRequestHeaderModel.swift in Sources */,
				4CFA86CA1FFEC3A100F39F99 /* RepositoryTableViewCell.swift in Sources */,
				4C98FDE41FFFD17A009B9ACF /* PullRequestTableViewCell.swift in Sources */,
				4C6633A12000083B0045A1A2 /* PullRequestServiceType.swift in Sources */,
				4CCE6A1C2001921000ABA7F4 /* PullRequestCellFactory.swift in Sources */,
				4C71B02C20006D5200F583CB /* PullRequestViewController.swift in Sources */,
				4CFA86D11FFECC0F00F39F99 /* UIColor+Colors.swift in Sources */,
				4CFA86E51FFEFD9A00F39F99 /* ReusableView.swift in Sources */,
				4CFA86C21FFEC20800F39F99 /* RepositoryListViewController.swift in Sources */,
				4C6633B720001E800045A1A2 /* StoryboardIdentifier.swift in Sources */,
				4C28140D2001420800906625 /* JSONDecoder+Models.swift in Sources */,
				4CFA869E1FFEBC2200F39F99 /* AppDelegate.swift in Sources */,
				4C6633B920001EF80045A1A2 /* Scene+ViewController.swift in Sources */,
				4C6633C220004BEC0045A1A2 /* PullRequestService.swift in Sources */,
				4C2813E920011C2400906625 /* Date+HumanReadable.swift in Sources */,
				4C98FDEE1FFFD6E3009B9ACF /* PullRequestListViewController.swift in Sources */,
				4CFA86D31FFECEED00F39F99 /* UITableViewCell+Defaults.swift in Sources */,
				4C6633AE20001C880045A1A2 /* APIPaths.swift in Sources */,
				4C98FDF41FFFD8DF009B9ACF /* PullRequest.swift in Sources */,
				4CFA86D51FFED09F00F39F99 /* UITableView+NibUtils.swift in Sources */,
				4CFA86EB1FFF005700F39F99 /* UIView+CornerRadius.swift in Sources */,
				4C281426200156B000906625 /* SceneCoordinatorType.swift in Sources */,
				4C6633BD200020AE0045A1A2 /* SceneCoordinator.swift in Sources */,
				4C6633A620000B190045A1A2 /* RepositoryListContainer.swift in Sources */,
				4CFA86E71FFEFDC300F39F99 /* NibLoadableView.swift in Sources */,
				4C98FE041FFFFA00009B9ACF /* Segue.swift in Sources */,
				4CFA86DC1FFED89100F39F99 /* User.swift in Sources */,
				4C6633A4200008E00045A1A2 /* RepositoryService.swift in Sources */,
				4CFA86ED1FFF02CB00F39F99 /* NSObject+ClassName.swift in Sources */,
				4C281436200190AA00906625 /* RepositoryCellFactory.swift in Sources */,
				4C281411200146B700906625 /* AutoheightableView.swift in Sources */,
				4C2814302001777A00906625 /* APIKeys.swift in Sources */,
				4CFA86DA1FFED83B00F39F99 /* Repository.swift in Sources */,
				4C98FDF01FFFD85E009B9ACF /* PullRequestListViewModel.swift in Sources */,
				4C6633A8200011480045A1A2 /* Repository+Identifiable.swift in Sources */,
			);
			runOnlyForDeploymentPostprocessing = 0;
		};
		4CFA86AA1FFEBC2200F39F99 /* Sources */ = {
			isa = PBXSourcesBuildPhase;
			buildActionMask = 2147483647;
			files = (
				4CCE6A262001B02F00ABA7F4 /* PullRequestListViewModelSpec.swift in Sources */,
				4C28142A20015A3400906625 /* RepositoryServiceSpec.swift in Sources */,
				4C2813F920013CF500906625 /* RepositorySpec.swift in Sources */,
				4CCE6A2420019D1300ABA7F4 /* FakeSceneCoordinator.swift in Sources */,
				4C2814072001407600906625 /* PullRequestSpec.swift in Sources */,
				4C281432200188B700906625 /* PullRequestServiceSpec.swift in Sources */,
				4C281428200157DA00906625 /* RepositoryListContainerSpec.swift in Sources */,
				4CCE6A1F2001982700ABA7F4 /* RepositoryListViewModelSpec.swift in Sources */,
				4CCE6A282001B0A300ABA7F4 /* FakePullRequestService.swift in Sources */,
				4CCE6A2220019A0F00ABA7F4 /* FakeRepositoryService.swift in Sources */,
				4C2813F22001373200906625 /* UserSpec.swift in Sources */,
			);
			runOnlyForDeploymentPostprocessing = 0;
		};
/* End PBXSourcesBuildPhase section */

/* Begin PBXTargetDependency section */
		4CFA86B01FFEBC2200F39F99 /* PBXTargetDependency */ = {
			isa = PBXTargetDependency;
			target = 4CFA86991FFEBC2200F39F99 /* desafio-concrete */;
			targetProxy = 4CFA86AF1FFEBC2200F39F99 /* PBXContainerItemProxy */;
		};
/* End PBXTargetDependency section */

/* Begin PBXVariantGroup section */
		4CFA86A61FFEBC2200F39F99 /* LaunchScreen.storyboard */ = {
			isa = PBXVariantGroup;
			children = (
				4CFA86A71FFEBC2200F39F99 /* Base */,
			);
			name = LaunchScreen.storyboard;
			sourceTree = "<group>";
			usesTabs = 0;
		};
/* End PBXVariantGroup section */

/* Begin XCBuildConfiguration section */
		4C28141520014DFB00906625 /* Testing */ = {
			isa = XCBuildConfiguration;
			buildSettings = {
				ALWAYS_SEARCH_USER_PATHS = NO;
				CLANG_ANALYZER_NONNULL = YES;
				CLANG_ANALYZER_NUMBER_OBJECT_CONVERSION = YES_AGGRESSIVE;
				CLANG_CXX_LANGUAGE_STANDARD = "gnu++14";
				CLANG_CXX_LIBRARY = "libc++";
				CLANG_ENABLE_MODULES = YES;
				CLANG_ENABLE_OBJC_ARC = YES;
				CLANG_WARN_BLOCK_CAPTURE_AUTORELEASING = YES;
				CLANG_WARN_BOOL_CONVERSION = YES;
				CLANG_WARN_COMMA = YES;
				CLANG_WARN_CONSTANT_CONVERSION = YES;
				CLANG_WARN_DIRECT_OBJC_ISA_USAGE = YES_ERROR;
				CLANG_WARN_DOCUMENTATION_COMMENTS = YES;
				CLANG_WARN_EMPTY_BODY = YES;
				CLANG_WARN_ENUM_CONVERSION = YES;
				CLANG_WARN_INFINITE_RECURSION = YES;
				CLANG_WARN_INT_CONVERSION = YES;
				CLANG_WARN_NON_LITERAL_NULL_CONVERSION = YES;
				CLANG_WARN_OBJC_LITERAL_CONVERSION = YES;
				CLANG_WARN_OBJC_ROOT_CLASS = YES_ERROR;
				CLANG_WARN_RANGE_LOOP_ANALYSIS = YES;
				CLANG_WARN_STRICT_PROTOTYPES = YES;
				CLANG_WARN_SUSPICIOUS_MOVE = YES;
				CLANG_WARN_UNGUARDED_AVAILABILITY = YES_AGGRESSIVE;
				CLANG_WARN_UNREACHABLE_CODE = YES;
				CLANG_WARN__DUPLICATE_METHOD_MATCH = YES;
				CODE_SIGN_IDENTITY = "iPhone Developer";
				COPY_PHASE_STRIP = NO;
				DEBUG_INFORMATION_FORMAT = dwarf;
				ENABLE_STRICT_OBJC_MSGSEND = YES;
				ENABLE_TESTABILITY = YES;
				GCC_C_LANGUAGE_STANDARD = gnu11;
				GCC_DYNAMIC_NO_PIC = NO;
				GCC_NO_COMMON_BLOCKS = YES;
				GCC_OPTIMIZATION_LEVEL = 0;
				GCC_PREPROCESSOR_DEFINITIONS = (
					"DEBUG=1",
					"$(inherited)",
				);
				GCC_WARN_64_TO_32_BIT_CONVERSION = YES;
				GCC_WARN_ABOUT_RETURN_TYPE = YES_ERROR;
				GCC_WARN_UNDECLARED_SELECTOR = YES;
				GCC_WARN_UNINITIALIZED_AUTOS = YES_AGGRESSIVE;
				GCC_WARN_UNUSED_FUNCTION = YES;
				GCC_WARN_UNUSED_VARIABLE = YES;
				IPHONEOS_DEPLOYMENT_TARGET = 11.2;
				MTL_ENABLE_DEBUG_INFO = YES;
				ONLY_ACTIVE_ARCH = YES;
				SDKROOT = iphoneos;
				SWIFT_ACTIVE_COMPILATION_CONDITIONS = DEBUG;
				SWIFT_OPTIMIZATION_LEVEL = "-Onone";
			};
			name = Testing;
		};
		4C28141620014DFB00906625 /* Testing */ = {
			isa = XCBuildConfiguration;
			baseConfigurationReference = 604A067CDCB99A7CE8E61053 /* Pods-desafio-concrete.testing.xcconfig */;
			buildSettings = {
				ASSETCATALOG_COMPILER_APPICON_NAME = AppIcon;
				CODE_SIGN_STYLE = Automatic;
				DEVELOPMENT_TEAM = BEVC4JDNZX;
				INFOPLIST_FILE = "desafio-concrete/Info.plist";
				IPHONEOS_DEPLOYMENT_TARGET = 11.2;
				LD_RUNPATH_SEARCH_PATHS = "$(inherited) @executable_path/Frameworks";
				OTHER_SWIFT_FLAGS = "$(inherited) '-DTESTING'";
				PRODUCT_BUNDLE_IDENTIFIER = "com.vergil.desafio-concrete";
				PRODUCT_NAME = "$(TARGET_NAME)";
				SWIFT_VERSION = 4.0;
				TARGETED_DEVICE_FAMILY = "1,2";
			};
			name = Testing;
		};
		4C28141720014DFB00906625 /* Testing */ = {
			isa = XCBuildConfiguration;
			baseConfigurationReference = BFE952E97FE08009F31DDFE5 /* Pods-desafio-concreteTests.testing.xcconfig */;
			buildSettings = {
				ALWAYS_EMBED_SWIFT_STANDARD_LIBRARIES = YES;
				BUNDLE_LOADER = "$(TEST_HOST)";
				CLANG_ENABLE_MODULES = YES;
				CODE_SIGN_STYLE = Automatic;
				DEVELOPMENT_TEAM = BEVC4JDNZX;
				INFOPLIST_FILE = "desafio-concreteTests/Info.plist";
				LD_RUNPATH_SEARCH_PATHS = "$(inherited) @executable_path/Frameworks @loader_path/Frameworks";
				PRODUCT_BUNDLE_IDENTIFIER = "com.vergil.desafio-concreteTests";
				PRODUCT_NAME = "$(TARGET_NAME)";
				SWIFT_OPTIMIZATION_LEVEL = "-Onone";
				SWIFT_VERSION = 4.0;
				TARGETED_DEVICE_FAMILY = "1,2";
				TEST_HOST = "$(BUILT_PRODUCTS_DIR)/desafio-concrete.app/desafio-concrete";
			};
			name = Testing;
		};
		4CFA86B51FFEBC2200F39F99 /* Debug */ = {
			isa = XCBuildConfiguration;
			buildSettings = {
				ALWAYS_SEARCH_USER_PATHS = NO;
				CLANG_ANALYZER_NONNULL = YES;
				CLANG_ANALYZER_NUMBER_OBJECT_CONVERSION = YES_AGGRESSIVE;
				CLANG_CXX_LANGUAGE_STANDARD = "gnu++14";
				CLANG_CXX_LIBRARY = "libc++";
				CLANG_ENABLE_MODULES = YES;
				CLANG_ENABLE_OBJC_ARC = YES;
				CLANG_WARN_BLOCK_CAPTURE_AUTORELEASING = YES;
				CLANG_WARN_BOOL_CONVERSION = YES;
				CLANG_WARN_COMMA = YES;
				CLANG_WARN_CONSTANT_CONVERSION = YES;
				CLANG_WARN_DIRECT_OBJC_ISA_USAGE = YES_ERROR;
				CLANG_WARN_DOCUMENTATION_COMMENTS = YES;
				CLANG_WARN_EMPTY_BODY = YES;
				CLANG_WARN_ENUM_CONVERSION = YES;
				CLANG_WARN_INFINITE_RECURSION = YES;
				CLANG_WARN_INT_CONVERSION = YES;
				CLANG_WARN_NON_LITERAL_NULL_CONVERSION = YES;
				CLANG_WARN_OBJC_LITERAL_CONVERSION = YES;
				CLANG_WARN_OBJC_ROOT_CLASS = YES_ERROR;
				CLANG_WARN_RANGE_LOOP_ANALYSIS = YES;
				CLANG_WARN_STRICT_PROTOTYPES = YES;
				CLANG_WARN_SUSPICIOUS_MOVE = YES;
				CLANG_WARN_UNGUARDED_AVAILABILITY = YES_AGGRESSIVE;
				CLANG_WARN_UNREACHABLE_CODE = YES;
				CLANG_WARN__DUPLICATE_METHOD_MATCH = YES;
				CODE_SIGN_IDENTITY = "iPhone Developer";
				COPY_PHASE_STRIP = NO;
				DEBUG_INFORMATION_FORMAT = dwarf;
				ENABLE_STRICT_OBJC_MSGSEND = YES;
				ENABLE_TESTABILITY = YES;
				GCC_C_LANGUAGE_STANDARD = gnu11;
				GCC_DYNAMIC_NO_PIC = NO;
				GCC_NO_COMMON_BLOCKS = YES;
				GCC_OPTIMIZATION_LEVEL = 0;
				GCC_PREPROCESSOR_DEFINITIONS = (
					"DEBUG=1",
					"$(inherited)",
				);
				GCC_WARN_64_TO_32_BIT_CONVERSION = YES;
				GCC_WARN_ABOUT_RETURN_TYPE = YES_ERROR;
				GCC_WARN_UNDECLARED_SELECTOR = YES;
				GCC_WARN_UNINITIALIZED_AUTOS = YES_AGGRESSIVE;
				GCC_WARN_UNUSED_FUNCTION = YES;
				GCC_WARN_UNUSED_VARIABLE = YES;
				IPHONEOS_DEPLOYMENT_TARGET = 11.2;
				MTL_ENABLE_DEBUG_INFO = YES;
				ONLY_ACTIVE_ARCH = YES;
				SDKROOT = iphoneos;
				SWIFT_ACTIVE_COMPILATION_CONDITIONS = DEBUG;
				SWIFT_OPTIMIZATION_LEVEL = "-Onone";
			};
			name = Debug;
		};
		4CFA86B61FFEBC2200F39F99 /* Release */ = {
			isa = XCBuildConfiguration;
			buildSettings = {
				ALWAYS_SEARCH_USER_PATHS = NO;
				CLANG_ANALYZER_NONNULL = YES;
				CLANG_ANALYZER_NUMBER_OBJECT_CONVERSION = YES_AGGRESSIVE;
				CLANG_CXX_LANGUAGE_STANDARD = "gnu++14";
				CLANG_CXX_LIBRARY = "libc++";
				CLANG_ENABLE_MODULES = YES;
				CLANG_ENABLE_OBJC_ARC = YES;
				CLANG_WARN_BLOCK_CAPTURE_AUTORELEASING = YES;
				CLANG_WARN_BOOL_CONVERSION = YES;
				CLANG_WARN_COMMA = YES;
				CLANG_WARN_CONSTANT_CONVERSION = YES;
				CLANG_WARN_DIRECT_OBJC_ISA_USAGE = YES_ERROR;
				CLANG_WARN_DOCUMENTATION_COMMENTS = YES;
				CLANG_WARN_EMPTY_BODY = YES;
				CLANG_WARN_ENUM_CONVERSION = YES;
				CLANG_WARN_INFINITE_RECURSION = YES;
				CLANG_WARN_INT_CONVERSION = YES;
				CLANG_WARN_NON_LITERAL_NULL_CONVERSION = YES;
				CLANG_WARN_OBJC_LITERAL_CONVERSION = YES;
				CLANG_WARN_OBJC_ROOT_CLASS = YES_ERROR;
				CLANG_WARN_RANGE_LOOP_ANALYSIS = YES;
				CLANG_WARN_STRICT_PROTOTYPES = YES;
				CLANG_WARN_SUSPICIOUS_MOVE = YES;
				CLANG_WARN_UNGUARDED_AVAILABILITY = YES_AGGRESSIVE;
				CLANG_WARN_UNREACHABLE_CODE = YES;
				CLANG_WARN__DUPLICATE_METHOD_MATCH = YES;
				CODE_SIGN_IDENTITY = "iPhone Developer";
				COPY_PHASE_STRIP = NO;
				DEBUG_INFORMATION_FORMAT = "dwarf-with-dsym";
				ENABLE_NS_ASSERTIONS = NO;
				ENABLE_STRICT_OBJC_MSGSEND = YES;
				GCC_C_LANGUAGE_STANDARD = gnu11;
				GCC_NO_COMMON_BLOCKS = YES;
				GCC_WARN_64_TO_32_BIT_CONVERSION = YES;
				GCC_WARN_ABOUT_RETURN_TYPE = YES_ERROR;
				GCC_WARN_UNDECLARED_SELECTOR = YES;
				GCC_WARN_UNINITIALIZED_AUTOS = YES_AGGRESSIVE;
				GCC_WARN_UNUSED_FUNCTION = YES;
				GCC_WARN_UNUSED_VARIABLE = YES;
				IPHONEOS_DEPLOYMENT_TARGET = 11.2;
				MTL_ENABLE_DEBUG_INFO = NO;
				SDKROOT = iphoneos;
				SWIFT_OPTIMIZATION_LEVEL = "-Owholemodule";
				VALIDATE_PRODUCT = YES;
			};
			name = Release;
		};
		4CFA86B81FFEBC2200F39F99 /* Debug */ = {
			isa = XCBuildConfiguration;
			baseConfigurationReference = 7E313495A42F8B8F9B2FBF67 /* Pods-desafio-concrete.debug.xcconfig */;
			buildSettings = {
				ASSETCATALOG_COMPILER_APPICON_NAME = AppIcon;
				CODE_SIGN_STYLE = Automatic;
				DEVELOPMENT_TEAM = BEVC4JDNZX;
				INFOPLIST_FILE = "desafio-concrete/Info.plist";
				IPHONEOS_DEPLOYMENT_TARGET = 11.2;
				LD_RUNPATH_SEARCH_PATHS = "$(inherited) @executable_path/Frameworks";
				PRODUCT_BUNDLE_IDENTIFIER = "com.vergil.desafio-concrete";
				PRODUCT_NAME = "$(TARGET_NAME)";
				SWIFT_VERSION = 4.0;
				TARGETED_DEVICE_FAMILY = "1,2";
			};
			name = Debug;
		};
		4CFA86B91FFEBC2200F39F99 /* Release */ = {
			isa = XCBuildConfiguration;
			baseConfigurationReference = C911CA42B4880BA6665AB291 /* Pods-desafio-concrete.release.xcconfig */;
			buildSettings = {
				ASSETCATALOG_COMPILER_APPICON_NAME = AppIcon;
				CODE_SIGN_STYLE = Automatic;
				DEVELOPMENT_TEAM = BEVC4JDNZX;
				INFOPLIST_FILE = "desafio-concrete/Info.plist";
				IPHONEOS_DEPLOYMENT_TARGET = 11.2;
				LD_RUNPATH_SEARCH_PATHS = "$(inherited) @executable_path/Frameworks";
				PRODUCT_BUNDLE_IDENTIFIER = "com.vergil.desafio-concrete";
				PRODUCT_NAME = "$(TARGET_NAME)";
				SWIFT_VERSION = 4.0;
				TARGETED_DEVICE_FAMILY = "1,2";
			};
			name = Release;
		};
		4CFA86BB1FFEBC2200F39F99 /* Debug */ = {
			isa = XCBuildConfiguration;
			baseConfigurationReference = C96355104C7054091FDFB779 /* Pods-desafio-concreteTests.debug.xcconfig */;
			buildSettings = {
				ALWAYS_EMBED_SWIFT_STANDARD_LIBRARIES = YES;
				BUNDLE_LOADER = "$(TEST_HOST)";
				CLANG_ENABLE_MODULES = YES;
				CODE_SIGN_STYLE = Automatic;
				DEVELOPMENT_TEAM = BEVC4JDNZX;
				INFOPLIST_FILE = "desafio-concreteTests/Info.plist";
				LD_RUNPATH_SEARCH_PATHS = "$(inherited) @executable_path/Frameworks @loader_path/Frameworks";
				PRODUCT_BUNDLE_IDENTIFIER = "com.vergil.desafio-concreteTests";
				PRODUCT_NAME = "$(TARGET_NAME)";
				SWIFT_OPTIMIZATION_LEVEL = "-Onone";
				SWIFT_VERSION = 4.0;
				TARGETED_DEVICE_FAMILY = "1,2";
				TEST_HOST = "$(BUILT_PRODUCTS_DIR)/desafio-concrete.app/desafio-concrete";
			};
			name = Debug;
		};
		4CFA86BC1FFEBC2200F39F99 /* Release */ = {
			isa = XCBuildConfiguration;
			baseConfigurationReference = F460DF351CEBAAAFA86529BD /* Pods-desafio-concreteTests.release.xcconfig */;
			buildSettings = {
				ALWAYS_EMBED_SWIFT_STANDARD_LIBRARIES = YES;
				BUNDLE_LOADER = "$(TEST_HOST)";
				CLANG_ENABLE_MODULES = YES;
				CODE_SIGN_STYLE = Automatic;
				DEVELOPMENT_TEAM = BEVC4JDNZX;
				INFOPLIST_FILE = "desafio-concreteTests/Info.plist";
				LD_RUNPATH_SEARCH_PATHS = "$(inherited) @executable_path/Frameworks @loader_path/Frameworks";
				PRODUCT_BUNDLE_IDENTIFIER = "com.vergil.desafio-concreteTests";
				PRODUCT_NAME = "$(TARGET_NAME)";
				SWIFT_VERSION = 4.0;
				TARGETED_DEVICE_FAMILY = "1,2";
				TEST_HOST = "$(BUILT_PRODUCTS_DIR)/desafio-concrete.app/desafio-concrete";
			};
			name = Release;
		};
/* End XCBuildConfiguration section */

/* Begin XCConfigurationList section */
		4CFA86951FFEBC2200F39F99 /* Build configuration list for PBXProject "desafio-concrete" */ = {
			isa = XCConfigurationList;
			buildConfigurations = (
				4CFA86B51FFEBC2200F39F99 /* Debug */,
				4C28141520014DFB00906625 /* Testing */,
				4CFA86B61FFEBC2200F39F99 /* Release */,
			);
			defaultConfigurationIsVisible = 0;
			defaultConfigurationName = Release;
		};
		4CFA86B71FFEBC2200F39F99 /* Build configuration list for PBXNativeTarget "desafio-concrete" */ = {
			isa = XCConfigurationList;
			buildConfigurations = (
				4CFA86B81FFEBC2200F39F99 /* Debug */,
				4C28141620014DFB00906625 /* Testing */,
				4CFA86B91FFEBC2200F39F99 /* Release */,
			);
			defaultConfigurationIsVisible = 0;
			defaultConfigurationName = Release;
		};
		4CFA86BA1FFEBC2200F39F99 /* Build configuration list for PBXNativeTarget "desafio-concreteTests" */ = {
			isa = XCConfigurationList;
			buildConfigurations = (
				4CFA86BB1FFEBC2200F39F99 /* Debug */,
				4C28141720014DFB00906625 /* Testing */,
				4CFA86BC1FFEBC2200F39F99 /* Release */,
			);
			defaultConfigurationIsVisible = 0;
			defaultConfigurationName = Release;
		};
/* End XCConfigurationList section */
	};
	rootObject = 4CFA86921FFEBC2200F39F99 /* Project object */;
}
